__metadata:
  version: 6
  cacheKey: 8

"@acme/ui@npm:^1.2.0":
  version: 1.2.0
  resolution: "@acme/ui@npm:1.2.0"
  dependencies:
    "@acme/utils": "^0.5.0"
    react: "^18.2.0"
  checksum: stub
  languageName: node
  linkType: hard

"@acme/utils@npm:^0.5.0":
  version: 0.5.0
  resolution: "@acme/utils@npm:0.5.0"
  checksum: stub
  languageName: node
  linkType: hard

"@types/node@npm:^20.5.0":
  version: 20.5.9
  resolution: "@types/node@npm:20.5.9"
  checksum: stub
  languageName: node
  linkType: hard

"@types/react@npm:^18.2.0":
  version: 18.2.21
  resolution: "@types/react@npm:18.2.21"
  checksum: stub
  languageName: node
  linkType: hard

"@types/react-dom@npm:^18.2.0":
  version: 18.2.7
  resolution: "@types/react-dom@npm:18.2.7"
  checksum: stub
  languageName: node
  linkType: hard

"eslint@npm:^8.45.0":
  version: 8.48.0
  resolution: "eslint@npm:8.48.0"
  checksum: stub
  languageName: node
  linkType: hard

"eslint-config-next@npm:^14.0.0":
  version: 14.0.0
  resolution: "eslint-config-next@npm:14.0.0"
  checksum: stub
  languageName: node
  linkType: hard

"next@npm:^14.0.0":
  version: 14.0.4
  resolution: "next@npm:14.0.4"
  checksum: stub
  languageName: node
  linkType: hard

"prettier@npm:^3.0.2":
  version: 3.0.3
  resolution: "prettier@npm:3.0.3"
  checksum: stub
  languageName: node
  linkType: hard

"react@npm:^18.2.0":
  version: 18.2.0
  resolution: "react@npm:18.2.0"
  checksum: stub
  languageName: node
  linkType: hard

"react-dom@npm:^18.2.0":
  version: 18.2.0
  resolution: "react-dom@npm:18.2.0"
  peerDependencies:
    react: ^18.2.0
  checksum: stub
  languageName: node
  linkType: hard

"typescript@npm:^5.1.6":
  version: 5.2.2
  resolution: "typescript@npm:5.2.2"
  checksum: stub
  languageName: node
  linkType: hard
