lockfileVersion: '9.0'

settings:
  autoInstallPeers: true
  excludeLinksFromLockfile: false

importers:

  .:
    devDependencies:
      '@types/react':
        specifier: ^18.2.0
        version: 18.2.21
      '@vitejs/plugin-react':
        specifier: ^4.0.0
        version: 4.0.0(vite@4.4.7)
      react:
        specifier: ^18.2.0
        version: 18.2.0
      typescript:
        specifier: ^5.1.6
        version: 5.1.6
      vite:
        specifier: ^4.4.7
        version: 4.4.7(@types/node@20.4.5)
      vitest:
        specifier: ^0.34.1
        version: 0.34.1(vite@4.4.7)

packages:

  '@types/react@18.2.21':
    resolution: {integrity: sha512-stub}

  '@vitejs/plugin-react@4.0.0':
    resolution: {integrity: sha512-stub}
    peerDependencies:
      vite: ^4.2.0

  'react@18.2.0':
    resolution: {integrity: sha512-stub}
    engines: {node: '>=0.10.0'}

  'typescript@5.1.6':
    resolution: {integrity: sha512-stub}
    engines: {node: '>=14.17'}

  'vite@4.4.7':
    resolution: {integrity: sha512-stub}
    engines: {node: ^14.18.0 || >=16.0.0}

  'vitest@0.34.1':
    resolution: {integrity: sha512-stub}
    engines: {node: '>=v14.18.0'}
    peerDependencies:
      vite: '>=3.0.0'
